
Microsoft Visual Studio Solution File, Format Version 12.00
# Visual Studio Version 17
VisualStudioVersion = 17.9.34607.119
MinimumVisualStudioVersion = 10.0.40219.1
Project("{FAE04EC0-301F-11D3-BF4B-00C04F79EFBC}") = "Pac-Man_Potentially", "Pac-Man_Potentially\Pac-Man_Potentially.csproj", "{8433677E-1F40-458F-92F6-EFF3D5ED2739}"
EndProject
Global
	GlobalSection(SolutionConfigurationPlatforms) = preSolution
		Debug|Any CPU = Debug|Any CPU
		Release|Any CPU = Release|Any CPU
	EndGlobalSection
	GlobalSection(ProjectConfigurationPlatforms) = postSolution
		{8433677E-1F40-458F-92F6-EFF3D5ED2739}.Debug|Any CPU.ActiveCfg = Debug|Any CPU
		{8433677E-1F40-458F-92F6-EFF3D5ED2739}.Debug|Any CPU.Build.0 = Debug|Any CPU
		{8433677E-1F40-458F-92F6-EFF3D5ED2739}.Release|Any CPU.ActiveCfg = Release|Any CPU
		{8433677E-1F40-458F-92F6-EFF3D5ED2739}.Release|Any CPU.Build.0 = Release|Any CPU
	EndGlobalSection
	GlobalSection(SolutionProperties) = preSolution
		HideSolutionNode = FALSE
	EndGlobalSection
	GlobalSection(ExtensibilityGlobals) = postSolution
		SolutionGuid = {3FD62E65-BFB4-45CE-9CE8-3DC1518710CF}
	EndGlobalSection
EndGlobal
